lockfileVersion: '9.0'

settings:
  autoInstallPeers: true
  excludeLinksFromLockfile: false

importers:

  .:
    devDependencies:
      '@biomejs/biome':
        specifier: 1.9.4
        version: 1.9.4

  packages/napi:
    devDependencies:
      '@napi-rs/cli':
        specifier: ^3.0.0-alpha.72
        version: 3.0.0-alpha.73(@emnapi/runtime@1.3.1)

  packages/wasm:
    devDependencies:
      wasm-pack:
        specifier: ^0.13.1
        version: 0.13.1

packages:

  '@biomejs/biome@1.9.4':
    resolution: {integrity: sha512-1rkd7G70+o9KkTn5KLmDYXihGoTaIGO9PIIN2ZB7UJxFrWw04CZHPYiMRjYsaDvVV7hP1dYNRLxSANLaBFGpog==}
    engines: {node: '>=14.21.3'}
    hasBin: true

  '@biomejs/cli-darwin-arm64@1.9.4':
    resolution: {integrity: sha512-bFBsPWrNvkdKrNCYeAp+xo2HecOGPAy9WyNyB/jKnnedgzl4W4Hb9ZMzYNbf8dMCGmUdSavlYHiR01QaYR58cw==}
    engines: {node: '>=14.21.3'}
    cpu: [arm64]
    os: [darwin]

  '@biomejs/cli-darwin-x64@1.9.4':
    resolution: {integrity: sha512-ngYBh/+bEedqkSevPVhLP4QfVPCpb+4BBe2p7Xs32dBgs7rh9nY2AIYUL6BgLw1JVXV8GlpKmb/hNiuIxfPfZg==}
    engines: {node: '>=14.21.3'}
    cpu: [x64]
    os: [darwin]

  '@biomejs/cli-linux-arm64-musl@1.9.4':
    resolution: {integrity: sha512-v665Ct9WCRjGa8+kTr0CzApU0+XXtRgwmzIf1SeKSGAv+2scAlW6JR5PMFo6FzqqZ64Po79cKODKf3/AAmECqA==}
    engines: {node: '>=14.21.3'}
    cpu: [arm64]
    os: [linux]

  '@biomejs/cli-linux-arm64@1.9.4':
    resolution: {integrity: sha512-fJIW0+LYujdjUgJJuwesP4EjIBl/N/TcOX3IvIHJQNsAqvV2CHIogsmA94BPG6jZATS4Hi+xv4SkBBQSt1N4/g==}
    engines: {node: '>=14.21.3'}
    cpu: [arm64]
    os: [linux]

  '@biomejs/cli-linux-x64-musl@1.9.4':
    resolution: {integrity: sha512-gEhi/jSBhZ2m6wjV530Yy8+fNqG8PAinM3oV7CyO+6c3CEh16Eizm21uHVsyVBEB6RIM8JHIl6AGYCv6Q6Q9Tg==}
    engines: {node: '>=14.21.3'}
    cpu: [x64]
    os: [linux]

  '@biomejs/cli-linux-x64@1.9.4':
    resolution: {integrity: sha512-lRCJv/Vi3Vlwmbd6K+oQ0KhLHMAysN8lXoCI7XeHlxaajk06u7G+UsFSO01NAs5iYuWKmVZjmiOzJ0OJmGsMwg==}
    engines: {node: '>=14.21.3'}
    cpu: [x64]
    os: [linux]

  '@biomejs/cli-win32-arm64@1.9.4':
    resolution: {integrity: sha512-tlbhLk+WXZmgwoIKwHIHEBZUwxml7bRJgk0X2sPyNR3S93cdRq6XulAZRQJ17FYGGzWne0fgrXBKpl7l4M87Hg==}
    engines: {node: '>=14.21.3'}
    cpu: [arm64]
    os: [win32]

  '@biomejs/cli-win32-x64@1.9.4':
    resolution: {integrity: sha512-8Y5wMhVIPaWe6jw2H+KlEm4wP/f7EW3810ZLmDlrEEy5KvBsb9ECEfu/kMWD484ijfQ8+nIi0giMgu9g1UAuuA==}
    engines: {node: '>=14.21.3'}
    cpu: [x64]
    os: [win32]

  '@emnapi/core@1.3.1':
    resolution: {integrity: sha512-pVGjBIt1Y6gg3EJN8jTcfpP/+uuRksIo055oE/OBkDNcjZqVbfkWCksG1Jp4yZnj3iKWyWX8fdG/j6UDYPbFog==}

  '@emnapi/runtime@1.3.1':
    resolution: {integrity: sha512-kEBmG8KyqtxJZv+ygbEim+KCGtIq1fC22Ms3S4ziXmYKm8uyoLX0MHONVKwp+9opg390VaKRNt4a7A9NwmpNhw==}

  '@emnapi/wasi-threads@1.0.1':
    resolution: {integrity: sha512-iIBu7mwkq4UQGeMEM8bLwNK962nXdhodeScX4slfQnRhEMMzvYivHhutCIk8uojvmASXXPC2WNEjwxFWk72Oqw==}

  '@inquirer/checkbox@4.1.2':
    resolution: {integrity: sha512-PL9ixC5YsPXzXhAZFUPmkXGxfgjkdfZdPEPPmt4kFwQ4LBMDG9n/nHXYRGGZSKZJs+d1sGKWgS2GiPzVRKUdtQ==}
    engines: {node: '>=18'}
    peerDependencies:
      '@types/node': '>=18'
    peerDependenciesMeta:
      '@types/node':
        optional: true

  '@inquirer/confirm@5.1.6':
    resolution: {integrity: sha512-6ZXYK3M1XmaVBZX6FCfChgtponnL0R6I7k8Nu+kaoNkT828FVZTcca1MqmWQipaW2oNREQl5AaPCUOOCVNdRMw==}
    engines: {node: '>=18'}
    peerDependencies:
      '@types/node': '>=18'
    peerDependenciesMeta:
      '@types/node':
        optional: true

  '@inquirer/core@10.1.7':
    resolution: {integrity: sha512-AA9CQhlrt6ZgiSy6qoAigiA1izOa751ugX6ioSjqgJ+/Gd+tEN/TORk5sUYNjXuHWfW0r1n/a6ak4u/NqHHrtA==}
    engines: {node: '>=18'}
    peerDependencies:
      '@types/node': '>=18'
    peerDependenciesMeta:
      '@types/node':
        optional: true

  '@inquirer/editor@4.2.7':
    resolution: {integrity: sha512-gktCSQtnSZHaBytkJKMKEuswSk2cDBuXX5rxGFv306mwHfBPjg5UAldw9zWGoEyvA9KpRDkeM4jfrx0rXn0GyA==}
    engines: {node: '>=18'}
    peerDependencies:
      '@types/node': '>=18'
    peerDependenciesMeta:
      '@types/node':
        optional: true

  '@inquirer/expand@4.0.9':
    resolution: {integrity: sha512-Xxt6nhomWTAmuSX61kVgglLjMEFGa+7+F6UUtdEUeg7fg4r9vaFttUUKrtkViYYrQBA5Ia1tkOJj2koP9BuLig==}
    engines: {node: '>=18'}
    peerDependencies:
      '@types/node': '>=18'
    peerDependenciesMeta:
      '@types/node':
        optional: true

  '@inquirer/figures@1.0.10':
    resolution: {integrity: sha512-Ey6176gZmeqZuY/W/nZiUyvmb1/qInjcpiZjXWi6nON+nxJpD1bxtSoBxNliGISae32n6OwbY+TSXPZ1CfS4bw==}
    engines: {node: '>=18'}

  '@inquirer/input@4.1.6':
    resolution: {integrity: sha512-1f5AIsZuVjPT4ecA8AwaxDFNHny/tSershP/cTvTDxLdiIGTeILNcKozB0LaYt6mojJLUbOYhpIxicaYf7UKIQ==}
    engines: {node: '>=18'}
    peerDependencies:
      '@types/node': '>=18'
    peerDependenciesMeta:
      '@types/node':
        optional: true

  '@inquirer/number@3.0.9':
    resolution: {integrity: sha512-iN2xZvH3tyIYXLXBvlVh0npk1q/aVuKXZo5hj+K3W3D4ngAEq/DkLpofRzx6oebTUhBvOgryZ+rMV0yImKnG3w==}
    engines: {node: '>=18'}
    peerDependencies:
      '@types/node': '>=18'
    peerDependenciesMeta:
      '@types/node':
        optional: true

  '@inquirer/password@4.0.9':
    resolution: {integrity: sha512-xBEoOw1XKb0rIN208YU7wM7oJEHhIYkfG7LpTJAEW913GZeaoQerzf5U/LSHI45EVvjAdgNXmXgH51cUXKZcJQ==}
    engines: {node: '>=18'}
    peerDependencies:
      '@types/node': '>=18'
    peerDependenciesMeta:
      '@types/node':
        optional: true

  '@inquirer/prompts@7.3.2':
    resolution: {integrity: sha512-G1ytyOoHh5BphmEBxSwALin3n1KGNYB6yImbICcRQdzXfOGbuJ9Jske/Of5Sebk339NSGGNfUshnzK8YWkTPsQ==}
    engines: {node: '>=18'}
    peerDependencies:
      '@types/node': '>=18'
    peerDependenciesMeta:
      '@types/node':
        optional: true

  '@inquirer/rawlist@4.0.9':
    resolution: {integrity: sha512-+5t6ebehKqgoxV8fXwE49HkSF2Rc9ijNiVGEQZwvbMI61/Q5RcD+jWD6Gs1tKdz5lkI8GRBL31iO0HjGK1bv+A==}
    engines: {node: '>=18'}
    peerDependencies:
      '@types/node': '>=18'
    peerDependenciesMeta:
      '@types/node':
        optional: true

  '@inquirer/search@3.0.9':
    resolution: {integrity: sha512-DWmKztkYo9CvldGBaRMr0ETUHgR86zE6sPDVOHsqz4ISe9o1LuiWfgJk+2r75acFclA93J/lqzhT0dTjCzHuoA==}
    engines: {node: '>=18'}
    peerDependencies:
      '@types/node': '>=18'
    peerDependenciesMeta:
      '@types/node':
        optional: true

  '@inquirer/select@4.0.9':
    resolution: {integrity: sha512-BpJyJe7Dkhv2kz7yG7bPSbJLQuu/rqyNlF1CfiiFeFwouegfH+zh13KDyt6+d9DwucKo7hqM3wKLLyJxZMO+Xg==}
    engines: {node: '>=18'}
    peerDependencies:
      '@types/node': '>=18'
    peerDependenciesMeta:
      '@types/node':
        optional: true

  '@inquirer/type@3.0.4':
    resolution: {integrity: sha512-2MNFrDY8jkFYc9Il9DgLsHhMzuHnOYM1+CUYVWbzu9oT0hC7V7EcYvdCKeoll/Fcci04A+ERZ9wcc7cQ8lTkIA==}
    engines: {node: '>=18'}
    peerDependencies:
      '@types/node': '>=18'
    peerDependenciesMeta:
      '@types/node':
        optional: true

  '@napi-rs/cli@3.0.0-alpha.73':
    resolution: {integrity: sha512-HeZP2KnKynIoi42ooAf/0tx7nASx1Mo58BKSALv4f5j0C2L12Z687iAuzJWiwzgJ8puTzKzE7pCnB/byflIaAA==}
    engines: {node: '>= 16'}
    hasBin: true
    peerDependencies:
      '@emnapi/runtime': ^1.1.0
      emnapi: ^1.1.0
    peerDependenciesMeta:
      '@emnapi/runtime':
        optional: true
      emnapi:
        optional: true

  '@napi-rs/cross-toolchain@0.0.19':
    resolution: {integrity: sha512-StHXqYANdTaMFqJJ3JXHqKQMylOzOJPcrOCd9Nt2NIGfvfaXK3SzpmNfkJimkOAYfTsfpfuRERsML0bUZCpHBQ==}
    peerDependencies:
      '@napi-rs/cross-toolchain-arm64-target-aarch64': ^0.0.19
      '@napi-rs/cross-toolchain-arm64-target-armv7': ^0.0.19
      '@napi-rs/cross-toolchain-arm64-target-x86_64': ^0.0.19
      '@napi-rs/cross-toolchain-x64-target-aarch64': ^0.0.19
      '@napi-rs/cross-toolchain-x64-target-armv7': ^0.0.19
      '@napi-rs/cross-toolchain-x64-target-x86_64': ^0.0.19
    peerDependenciesMeta:
      '@napi-rs/cross-toolchain-arm64-target-aarch64':
        optional: true
      '@napi-rs/cross-toolchain-arm64-target-armv7':
        optional: true
      '@napi-rs/cross-toolchain-arm64-target-x86_64':
        optional: true
      '@napi-rs/cross-toolchain-x64-target-aarch64':
        optional: true
      '@napi-rs/cross-toolchain-x64-target-armv7':
        optional: true
      '@napi-rs/cross-toolchain-x64-target-x86_64':
        optional: true

  '@napi-rs/lzma-android-arm-eabi@1.4.1':
    resolution: {integrity: sha512-yenreSpZ9IrqppJOiWDqWMmja7XtSgio9LhtxYwgdILmy/OJTe/mlTYv+FhJBf7hIV9Razu5eBuEa3zKri81IA==}
    engines: {node: '>= 10'}
    cpu: [arm]
    os: [android]

  '@napi-rs/lzma-android-arm64@1.4.1':
    resolution: {integrity: sha512-piutVBz5B1TNxXeEjub0n/IKI6dMaXPPRbVSXuc4gnZgzcihNDUh68vcLZgYd+IMiACZvBxvx2O3t5nthtph3A==}
    engines: {node: '>= 10'}
    cpu: [arm64]
    os: [android]

  '@napi-rs/lzma-darwin-arm64@1.4.1':
    resolution: {integrity: sha512-sDfOhQQFqV8lGbpgJN9DqNLBPR7QOfYjcWUv8FOGPaVP1LPJDnrc5uCpRWWEa2zIKmTiO8P9xzIl0TDzrYmghg==}
    engines: {node: '>= 10'}
    cpu: [arm64]
    os: [darwin]

  '@napi-rs/lzma-darwin-x64@1.4.1':
    resolution: {integrity: sha512-S5/RbC6EP4QkYy2xhxbfm48ZD9FkysfpWY4Slve0nj5RGGsHvcJBg2Pi69jrTPB/zLKz2SUa0i+RfUt9zvZNaw==}
    engines: {node: '>= 10'}
    cpu: [x64]
    os: [darwin]

  '@napi-rs/lzma-freebsd-x64@1.4.1':
    resolution: {integrity: sha512-4AFnq6aZnclwameSBkDWu5Ftb8y4GwvVXeQXJKbN7hf7O5GG/8QpQB1R1NJw2QORUhpKwjAQUpbkTyhL2GFWWw==}
    engines: {node: '>= 10'}
    cpu: [x64]
    os: [freebsd]

  '@napi-rs/lzma-linux-arm-gnueabihf@1.4.1':
    resolution: {integrity: sha512-j5rL1YRIm6rWmmGAvN6DPX6QuRjvFGB93xJ7DTRB47GXW4zHekXae6ivowjJ95vT4Iz4hSWkZbuwAy95eFrWRA==}
    engines: {node: '>= 10'}
    cpu: [arm]
    os: [linux]

  '@napi-rs/lzma-linux-arm64-gnu@1.4.1':
    resolution: {integrity: sha512-1XdFGKyTS9m+VrRQYs9uz+ToHf4Jwm0ejHU48k9lT9MPl8jSqzKdVtFzZBPzronHteSynBfKmUq0+HeWmjrsOQ==}
    engines: {node: '>= 10'}
    cpu: [arm64]
    os: [linux]

  '@napi-rs/lzma-linux-arm64-musl@1.4.1':
    resolution: {integrity: sha512-9d09tYS0/rBwIk1QTcO2hMZEB/ZpsG2+uFW5am1RHElSWMclObirB1An7b6AMDJcRvcomkOg2GZ9COzrvHKwEA==}
    engines: {node: '>= 10'}
    cpu: [arm64]
    os: [linux]

  '@napi-rs/lzma-linux-ppc64-gnu@1.4.1':
    resolution: {integrity: sha512-UzEkmsgoJ3IOGIRb6kBzNiw+ThUpiighop7dVYfSqlF5juGzwf7YewC57RGn4FoJCvadOCrSm5VikAcgrwVgAw==}
    engines: {node: '>= 10'}
    cpu: [ppc64]
    os: [linux]

  '@napi-rs/lzma-linux-riscv64-gnu@1.4.1':
    resolution: {integrity: sha512-9dUKlZ1PdwxTaFF+j3oc+xjlk9nqFwo1NWWOH30uwjl4Rm5Gkv+Fx0pHrzu4kR/iVA+oyQqa9/2uDYnGSTijBA==}
    engines: {node: '>= 10'}
    cpu: [riscv64]
    os: [linux]

  '@napi-rs/lzma-linux-s390x-gnu@1.4.1':
    resolution: {integrity: sha512-MOVXUWJSLLCJDCCAlGa39sh7nv9XjvXzCf7QJus7rD8Ciz0mpXNXF9mg0ji7/MZ7pZlKPlXjXDnpVCfFdSEaFQ==}
    engines: {node: '>= 10'}
    cpu: [s390x]
    os: [linux]

  '@napi-rs/lzma-linux-x64-gnu@1.4.1':
    resolution: {integrity: sha512-Sxu7aJxU1sDbUTqjqLVDV3DCOAlbsFKvmuCN/S5uXBJd1IF2wJ9jK3NbFzfqTAo5Hudx8Y7kOb6+3K+fYPI1KQ==}
    engines: {node: '>= 10'}
    cpu: [x64]
    os: [linux]

  '@napi-rs/lzma-linux-x64-musl@1.4.1':
    resolution: {integrity: sha512-4I3BeKBQJSE5gF2/VTEv7wCLLjhapeutbCGpZPmDiLHZ74rm9edmNXAlKpdjADQ4YDLJ2GIBzttvwLXkJ9U+cw==}
    engines: {node: '>= 10'}
    cpu: [x64]
    os: [linux]

  '@napi-rs/lzma-wasm32-wasi@1.4.1':
    resolution: {integrity: sha512-s32HdKqQWbohf6DGWpG9YMODaBdbKJ++JpNr6Ii7821sKf4h/o+p8IRFTOaWdmdJdllEWlRirnd5crA29VivJQ==}
    engines: {node: '>=14.0.0'}
    cpu: [wasm32]

  '@napi-rs/lzma-win32-arm64-msvc@1.4.1':
    resolution: {integrity: sha512-ISz+v7ML5mKnjEZ7Kk4Z1BIn411r/fz3tDy9j5yDnwQI0MgTsUQFrIQElGUpULWYs2aYc6EZ9PhECbLBfSjh7A==}
    engines: {node: '>= 10'}
    cpu: [arm64]
    os: [win32]

  '@napi-rs/lzma-win32-ia32-msvc@1.4.1':
    resolution: {integrity: sha512-3WKuCpZBrd7Jrw+h1jSu5XAsRWepMJu0sYuRoA4Y4Cwfu9gI7p5Z5Bc510nfjg7M7xvdpkI4UoW2WY7kBFRYrQ==}
    engines: {node: '>= 10'}
    cpu: [ia32]
    os: [win32]

  '@napi-rs/lzma-win32-x64-msvc@1.4.1':
    resolution: {integrity: sha512-0ixRo5z1zFXdh62hlrTV+QCTKHK0te5NHKaExOluhtcc6AdpMmpslvM9JhUxNHI+zM46w/DmmcvcOtqsaTmHgg==}
    engines: {node: '>= 10'}
    cpu: [x64]
    os: [win32]

  '@napi-rs/lzma@1.4.1':
    resolution: {integrity: sha512-5f8K9NHjwHjZKGm3SS+7CFxXQhz8rbg2umBm/9g0xQRXBdYEI31N5z1ACuk9bmBQOusXAq9CArGfs/ZQso2rUA==}
    engines: {node: '>= 10'}

  '@napi-rs/tar-android-arm-eabi@0.1.4':
    resolution: {integrity: sha512-LMSysWp5AmZj1NOCB2jshc9KCvp4gm7vm0Cra5U2crMvlj/fwGrvv6+EzSw49y8wCkNEcQ8QaGq5NBQKiLogSg==}
    engines: {node: '>= 10'}
    cpu: [arm]
    os: [android]

  '@napi-rs/tar-android-arm64@0.1.4':
    resolution: {integrity: sha512-A/2rl8xr7F5yOtHVARROoSwjRRDNL1RlXCsg/K+RE5/V9iPBojsJsLpFPilp7InF6bi+z7aYn+yWCD6wSwfF4A==}
    engines: {node: '>= 10'}
    cpu: [arm64]
    os: [android]

  '@napi-rs/tar-darwin-arm64@0.1.4':
    resolution: {integrity: sha512-mnGBswBRtxDqUwXUZx+f9Uuy2uPssxuvcWFTYgUSZqlS2pg/XIWZdHZhbqWqKGpjpZrYcr+42roytbWlZ+epMA==}
    engines: {node: '>= 10'}
    cpu: [arm64]
    os: [darwin]

  '@napi-rs/tar-darwin-x64@0.1.4':
    resolution: {integrity: sha512-I81Fvl/cfnFVBET49xywNd57dXLJPO7jqrjD9Z2bKeXA0v0Zt1cwV1IOOTihFZXJv7kgu6EfNB7oumoLOTqq5A==}
    engines: {node: '>= 10'}
    cpu: [x64]
    os: [darwin]

  '@napi-rs/tar-freebsd-x64@0.1.4':
    resolution: {integrity: sha512-p5OFr3MqidZHkt9bHV2FgeS6k06g+s0GR2kvj/wm2mIxr7u3/sj3+RTr7GHz5DQq08T7uH85HhsrGYWN3vxmSg==}
    engines: {node: '>= 10'}
    cpu: [x64]
    os: [freebsd]

  '@napi-rs/tar-linux-arm-gnueabihf@0.1.4':
    resolution: {integrity: sha512-POp2zb/Yuw6taEmrTlEoQI5S+2HmgfV1VtqGQZgRmCa85NlWLDsR6vbW9euu/6NbLj3ld15cCeJC2oJkv9k/xg==}
    engines: {node: '>= 10'}
    cpu: [arm]
    os: [linux]

  '@napi-rs/tar-linux-arm64-gnu@0.1.4':
    resolution: {integrity: sha512-TV+2AppSgJx5U9nk1C9bh1afWcBVnnANJ4SmtqUF6ediHcDS2rLebeI8BGljfnX9F149qbT9gOGN+R8tofpCsg==}
    engines: {node: '>= 10'}
    cpu: [arm64]
    os: [linux]

  '@napi-rs/tar-linux-arm64-musl@0.1.4':
    resolution: {integrity: sha512-UFBvKpYmuQRbgmXuSSPb8mRjq4JRZLYJhqwrWWnlfQP13xK2WB7mL2GhewBgynSH4YKDm6biKhK6U5RrSWEDgw==}
    engines: {node: '>= 10'}
    cpu: [arm64]
    os: [linux]

  '@napi-rs/tar-linux-ppc64-gnu@0.1.4':
    resolution: {integrity: sha512-HT+h6Wv51SKXqks8UBF+KVuNJ09fM1GyO+SvCnDB5MF66tGiI2C6/MSX69zf1ZeqjACds1K/UwKiZCmE76/j9A==}
    engines: {node: '>= 10'}
    cpu: [ppc64]
    os: [linux]

  '@napi-rs/tar-linux-s390x-gnu@0.1.4':
    resolution: {integrity: sha512-SJ+HSr281Y6cgJrQ4nkYbXaTHAmTLv/FZm5k9ZRA6Khml//ZoWi7CiT8dnPeD4QxYwCzAFA4aYMUOQJM/mk2/w==}
    engines: {node: '>= 10'}
    cpu: [s390x]
    os: [linux]

  '@napi-rs/tar-linux-x64-gnu@0.1.4':
    resolution: {integrity: sha512-LrF0lRFiFOkO40jfgTdF8dRTvYOLV52fdZ/YnJuBodNcxqEl9rChO3v5Uag//sy0me85FjqtobQNRQP8Nd80dA==}
    engines: {node: '>= 10'}
    cpu: [x64]
    os: [linux]

  '@napi-rs/tar-linux-x64-musl@0.1.4':
    resolution: {integrity: sha512-etGUWbs+Tk1PtzgyWrVzXa2fQrHNKSc/whHm+4x1Num8Oz+wGdjCDTUktYxAVy33PKZhdblVxxE83QXxkgjneQ==}
    engines: {node: '>= 10'}
    cpu: [x64]
    os: [linux]

  '@napi-rs/tar-wasm32-wasi@0.1.4':
    resolution: {integrity: sha512-mANkm93AKy+OspkOBAC5WI64SopXT0VawdTjpeGW1OgyUSJWdUB5rhs3I7B/HW1bi5tsUoZOZQe3rVgYdfzA6g==}
    engines: {node: '>=14.0.0'}
    cpu: [wasm32]

  '@napi-rs/tar-win32-arm64-msvc@0.1.4':
    resolution: {integrity: sha512-/5/gp6WR9b36CysJDe8AdyjNeje+NqCniYJz/AZc+UvpKwG8MG9nS6TMpJ9IgrQacJXvc4lWXxYyn6uuPQVvaQ==}
    engines: {node: '>= 10'}
    cpu: [arm64]
    os: [win32]

  '@napi-rs/tar-win32-ia32-msvc@0.1.4':
    resolution: {integrity: sha512-HnQi0op9BqJqPekKXhEAI1TWkLtavxKDBDGXNhUSm2//jriMeRykahUcKoUUxr1UGrmtxpc5dx0cThBt13paEw==}
    engines: {node: '>= 10'}
    cpu: [ia32]
    os: [win32]

  '@napi-rs/tar-win32-x64-msvc@0.1.4':
    resolution: {integrity: sha512-vy2ebEXerblni6XOgi3a27+CnI6PdQ9Phy/ru5HM4bVd/oulAJohmynAmBAB1AmXg1NLbAEWu43nATEDp5O2hA==}
    engines: {node: '>= 10'}
    cpu: [x64]
    os: [win32]

  '@napi-rs/tar@0.1.4':
    resolution: {integrity: sha512-hDsvmMZY8tl2CcLfjnTeE1o5W1eGTSL+ZIX8YEybtcJwA+Cc8SNHb7l6JqMnGcjOrWBZbHt8tzTN+W7qHS5Wmg==}
    engines: {node: '>= 10'}

  '@napi-rs/wasm-runtime@0.2.7':
    resolution: {integrity: sha512-5yximcFK5FNompXfJFoWanu5l8v1hNGqNHh9du1xETp9HWk/B/PzvchX55WYOPaIeNglG8++68AAiauBAtbnzw==}

  '@napi-rs/wasm-tools-android-arm-eabi@0.0.2':
    resolution: {integrity: sha512-/b+UU3suXjW4P0DzHRNdrnebQtFKcQf/YMeZJH+xUlKgvwli5kbmWjx8Wqqz0VETVkUTuPqJMBDIVLyc+14FGw==}
    engines: {node: '>= 10'}
    cpu: [arm]
    os: [android]

  '@napi-rs/wasm-tools-android-arm64@0.0.2':
    resolution: {integrity: sha512-j57GbDflwJdZtT8pZj5fOV4JAP+LdKN+wzsUYs+QRUoBqpWbbUANudolqfw63bkS9sD4z7fbCuz8iwtJqzxTVA==}
    engines: {node: '>= 10'}
    cpu: [arm64]
    os: [android]

  '@napi-rs/wasm-tools-darwin-arm64@0.0.2':
    resolution: {integrity: sha512-P2ChgWgVuv9GwmbxN89R84KzIImoTqXINteEixUvmkdnhyFiR+I8deNs89Yed+5w8QLC6MEfrtRqLP9YI+NoQA==}
    engines: {node: '>= 10'}
    cpu: [arm64]
    os: [darwin]

  '@napi-rs/wasm-tools-darwin-x64@0.0.2':
    resolution: {integrity: sha512-T/kQQ0gt8+wau1Z821PKVAD76QhmwVoLs2CT7Z9tTBs2pJvwSCP0C/kQiQAHcJIMi7A2E9Ab/Mez0BERy50EFA==}
    engines: {node: '>= 10'}
    cpu: [x64]
    os: [darwin]

  '@napi-rs/wasm-tools-freebsd-x64@0.0.2':
    resolution: {integrity: sha512-GnnHu+r5sfzuxC/1J5UMF/h3BOZnHb3NQZ5hmbCfZYCKzpzRxrAJhzRunlbRN+v0x8M/49dztVTYR3s7K4ooAw==}
    engines: {node: '>= 10'}
    cpu: [x64]
    os: [freebsd]

  '@napi-rs/wasm-tools-linux-arm64-gnu@0.0.2':
    resolution: {integrity: sha512-KnZdLT0OnKb1CG2kdt3/WvM43vr9i+FEwXCvSOVC/6Tsifz7ynhMg7LAVESILd03HubzQJfg9nbRsk0bQ+IOwg==}
    engines: {node: '>= 10'}
    cpu: [arm64]
    os: [linux]

  '@napi-rs/wasm-tools-linux-arm64-musl@0.0.2':
    resolution: {integrity: sha512-HkpZOID2U8P6pWqK3mqZ8bxU5xcuT3iA2fO+jrxn78h006iYgfNmdc5JaVhHnHazMmk32xKhSV4iV0VUh8UWDg==}
    engines: {node: '>= 10'}
    cpu: [arm64]
    os: [linux]

  '@napi-rs/wasm-tools-linux-x64-gnu@0.0.2':
    resolution: {integrity: sha512-YksJWBCyOalB9ogtP9+/dZKP+vR6+h7BmzMXaXMT71WW/GvIsifMVgv+DY/FRSNJQupp5Y+ugjqVAOUOc/G65g==}
    engines: {node: '>= 10'}
    cpu: [x64]
    os: [linux]

  '@napi-rs/wasm-tools-linux-x64-musl@0.0.2':
    resolution: {integrity: sha512-sPtRxPMdw05KdTcxgSPMmSXG2+PiK3vJ/l2+g9hvjnnKtvslJN2Hr7j8zgzuoKRAUFPaJVe6+D2xVh5cpdqhww==}
    engines: {node: '>= 10'}
    cpu: [x64]
    os: [linux]

  '@napi-rs/wasm-tools-wasm32-wasi@0.0.2':
    resolution: {integrity: sha512-muRvZK7AIuo88G2AxYx3gA59rHMQgoN004saQkBvXnz3K/DVHKfTZ6TtUebss8zI3dURU6xExL8drxFWYxjEbQ==}
    engines: {node: '>=14.0.0'}
    cpu: [wasm32]

  '@napi-rs/wasm-tools-win32-arm64-msvc@0.0.2':
    resolution: {integrity: sha512-Cn13WQ+tpFqdVwx0DIWKbsI9auFyzVZV4F5UNOUeDt6GgOL+NndgJul0Pc9bSU6fi03AylMPfF/nTCaDWO2Wgw==}
    engines: {node: '>= 10'}
    cpu: [arm64]
    os: [win32]

  '@napi-rs/wasm-tools-win32-ia32-msvc@0.0.2':
    resolution: {integrity: sha512-xsg5DkIQi82a8rcx6246Y3XC8TIqHamY+/C6sIlPLaZEuHctDkMECAw0AANwRf5vN//D2oo2oljOuoYtB1GOKw==}
    engines: {node: '>= 10'}
    cpu: [ia32]
    os: [win32]

  '@napi-rs/wasm-tools-win32-x64-msvc@0.0.2':
    resolution: {integrity: sha512-yHigltEt33eq8bappvKsIliz4MxfMPn1M+NWbIFRWN+IS1Z57mhmc1osuk+IRXrSlq0Tom0R6MYN1jpkZKz81Q==}
    engines: {node: '>= 10'}
    cpu: [x64]
    os: [win32]

  '@napi-rs/wasm-tools@0.0.2':
    resolution: {integrity: sha512-kBvDQCP5BLw2TxTENXLp3Of7vVEx0uyIye824JHE4dduzzOHVgSoOFVhVqAT3Fx/hLV445RVWfEqQbXMg4w/Mw==}
    engines: {node: '>= 10'}

  '@octokit/auth-token@5.1.2':
    resolution: {integrity: sha512-JcQDsBdg49Yky2w2ld20IHAlwr8d/d8N6NiOXbtuoPCqzbsiJgF633mVUw3x4mo0H5ypataQIX7SFu3yy44Mpw==}
    engines: {node: '>= 18'}

  '@octokit/core@6.1.4':
    resolution: {integrity: sha512-lAS9k7d6I0MPN+gb9bKDt7X8SdxknYqAMh44S5L+lNqIN2NuV8nvv3g8rPp7MuRxcOpxpUIATWprO0C34a8Qmg==}
    engines: {node: '>= 18'}

  '@octokit/endpoint@10.1.3':
    resolution: {integrity: sha512-nBRBMpKPhQUxCsQQeW+rCJ/OPSMcj3g0nfHn01zGYZXuNDvvXudF/TYY6APj5THlurerpFN4a/dQAIAaM6BYhA==}
    engines: {node: '>= 18'}

  '@octokit/graphql@8.2.1':
    resolution: {integrity: sha512-n57hXtOoHrhwTWdvhVkdJHdhTv0JstjDbDRhJfwIRNfFqmSo1DaK/mD2syoNUoLCyqSjBpGAKOG0BuwF392slw==}
    engines: {node: '>= 18'}

  '@octokit/openapi-types@23.0.1':
    resolution: {integrity: sha512-izFjMJ1sir0jn0ldEKhZ7xegCTj/ObmEDlEfpFrx4k/JyZSMRHbO3/rBwgE7f3m2DHt+RrNGIVw4wSmwnm3t/g==}

  '@octokit/plugin-paginate-rest@11.4.3':
    resolution: {integrity: sha512-tBXaAbXkqVJlRoA/zQVe9mUdb8rScmivqtpv3ovsC5xhje/a+NOCivs7eUhWBwCApJVsR4G5HMeaLbq7PxqZGA==}
    engines: {node: '>= 18'}
    peerDependencies:
      '@octokit/core': '>=6'

  '@octokit/plugin-request-log@5.3.1':
    resolution: {integrity: sha512-n/lNeCtq+9ofhC15xzmJCNKP2BWTv8Ih2TTy+jatNCCq/gQP/V7rK3fjIfuz0pDWDALO/o/4QY4hyOF6TQQFUw==}
    engines: {node: '>= 18'}
    peerDependencies:
      '@octokit/core': '>=6'

  '@octokit/plugin-rest-endpoint-methods@13.3.1':
    resolution: {integrity: sha512-o8uOBdsyR+WR8MK9Cco8dCgvG13H1RlM1nWnK/W7TEACQBFux/vPREgKucxUfuDQ5yi1T3hGf4C5ZmZXAERgwQ==}
    engines: {node: '>= 18'}
    peerDependencies:
      '@octokit/core': '>=6'

  '@octokit/request-error@6.1.7':
    resolution: {integrity: sha512-69NIppAwaauwZv6aOzb+VVLwt+0havz9GT5YplkeJv7fG7a40qpLt/yZKyiDxAhgz0EtgNdNcb96Z0u+Zyuy2g==}
    engines: {node: '>= 18'}

  '@octokit/request@9.2.2':
    resolution: {integrity: sha512-dZl0ZHx6gOQGcffgm1/Sf6JfEpmh34v3Af2Uci02vzUYz6qEN6zepoRtmybWXIGXFIK8K9ylE3b+duCWqhArtg==}
    engines: {node: '>= 18'}

  '@octokit/rest@21.1.1':
    resolution: {integrity: sha512-sTQV7va0IUVZcntzy1q3QqPm/r8rWtDCqpRAmb8eXXnKkjoQEtFe3Nt5GTVsHft+R6jJoHeSiVLcgcvhtue/rg==}
    engines: {node: '>= 18'}

  '@octokit/types@13.8.0':
    resolution: {integrity: sha512-x7DjTIbEpEWXK99DMd01QfWy0hd5h4EN+Q7shkdKds3otGQP+oWE/y0A76i1OvH9fygo4ddvNf7ZvF0t78P98A==}

  '@tybys/wasm-util@0.9.0':
    resolution: {integrity: sha512-6+7nlbMVX/PVDCwaIQ8nTOPveOcFLSt8GcXdx8hD0bt39uWxYT88uXzqTd4fTvqta7oeUJqudepapKNt2DYJFw==}

  ansi-escapes@4.3.2:
    resolution: {integrity: sha512-gKXj5ALrKWQLsYG9jlTRmR/xKluxHV+Z9QEwNIgCfM1/uwPMCuzVVnh5mwTd+OuBZcwSIMbqssNWRm1lE51QaQ==}
    engines: {node: '>=8'}

  ansi-regex@5.0.1:
    resolution: {integrity: sha512-quJQXlTSUGL2LH9SUXo8VwsY4soanhgo6LNSm84E1LBcE8s3O0wpdiRzyR9z/ZZJMlMWv37qOOb9pdJlMUEKFQ==}
    engines: {node: '>=8'}

  ansi-styles@4.3.0:
    resolution: {integrity: sha512-zbB9rCJAT1rbjiVDb2hqKFHNYLxgtk8NURxZ3IZwD3F6NtxbXZQCnnSi1Lkx+IDohdPlFp222wVALIheZJQSEg==}
    engines: {node: '>=8'}

  argparse@2.0.1:
    resolution: {integrity: sha512-8+9WqebbFzpX9OR+Wa6O29asIogeRMzcGtAINdpMHHyAg10f05aSFVBbcEqGf/PXw1EjAZ+q2/bEBg3DvurK3Q==}

  axios@0.26.1:
    resolution: {integrity: sha512-fPwcX4EvnSHuInCMItEhAGnaSEXRBjtzh9fOtsE6E1G6p7vl7edEeZe11QHf18+6+9gR5PbKV/sGKNaD8YaMeA==}

  balanced-match@1.0.2:
    resolution: {integrity: sha512-3oSeUO0TMV67hN1AmbXsK4yaqU7tjiHlbxRDZOpH0KW9+CeX4bRAaX0Anxt0tx2MrpRpWwQaPwIlISEJhYU5Pw==}

  before-after-hook@3.0.2:
    resolution: {integrity: sha512-Nik3Sc0ncrMK4UUdXQmAnRtzmNQTAAXmXIopizwZ1W1t8QmfJj+zL4OA2I7XPTPW5z5TDqv4hRo/JzouDJnX3A==}

  binary-install@1.1.0:
    resolution: {integrity: sha512-rkwNGW+3aQVSZoD0/o3mfPN6Yxh3Id0R/xzTVBVVpGNlVz8EGwusksxRlbk/A5iKTZt9zkMn3qIqmAt3vpfbzg==}
    engines: {node: '>=10'}

  brace-expansion@1.1.11:
    resolution: {integrity: sha512-iCuPHDFgrHX7H2vEI/5xpz07zSHB00TpugqhmYtVmMO6518mCuRMoOYFldEBl0g187ufozdaHgWKcYFb61qGiA==}

  chardet@0.7.0:
    resolution: {integrity: sha512-mT8iDcrh03qDGRRmoA2hmBJnxpllMR+0/0qlzjqZES6NdiWDcZkCNAk4rPFZ9Q85r27unkiNNg8ZOiwZXBHwcA==}

  chownr@2.0.0:
    resolution: {integrity: sha512-bIomtDF5KGpdogkLd9VspvFzk9KfpyyGlS8YFVZl7TGPBHL5snIOnxeshwVgPteQ9b4Eydl+pVbIyE1DcvCWgQ==}
    engines: {node: '>=10'}

  cli-width@4.1.0:
    resolution: {integrity: sha512-ouuZd4/dm2Sw5Gmqy6bGyNNNe1qt9RpmxveLSO7KcgsTnU7RXfsw+/bukWGo1abgBiMAic068rclZsO4IWmmxQ==}
    engines: {node: '>= 12'}

  clipanion@3.2.1:
    resolution: {integrity: sha512-dYFdjLb7y1ajfxQopN05mylEpK9ZX0sO1/RfMXdfmwjlIsPkbh4p7A682x++zFPLDCo1x3p82dtljHf5cW2LKA==}
    peerDependencies:
      typanion: '*'

  color-convert@2.0.1:
    resolution: {integrity: sha512-RRECPsj7iu/xb5oKYcsFHSppFNnsj/52OVTRKb4zP5onXwVF3zVmmToNcOfGC+CRDpfK/U584fMg38ZHCaElKQ==}
    engines: {node: '>=7.0.0'}

  color-name@1.1.4:
    resolution: {integrity: sha512-dOy+3AuW3a2wNbZHIuMZpTcgjGuLU/uBL/ubcZF9OXbDo8ff4O8yVp5Bf0efS8uEoYo5q4Fx7dY9OgQGXgAsQA==}

  colorette@2.0.20:
    resolution: {integrity: sha512-IfEDxwoWIjkeXL1eXcDiow4UbKjhLdq6/EuSVR9GMN7KVH3r9gQ83e73hsz1Nd1T3ijd5xv1wcWRYO+D6kCI2w==}

  concat-map@0.0.1:
    resolution: {integrity: sha512-/Srv4dswyQNBfohGpz9o6Yb3Gz3SrUDqBH5rTuhGR7ahtlbYKnVxw2bCFMRljaA7EXHaXZ8wsHdodFvbkhKmqg==}

  debug@4.4.0:
    resolution: {integrity: sha512-6WTZ/IxCY/T6BALoZHaE4ctp9xm+Z5kY/pzYaCHRFeyVhojxlrm+46y68HA6hr0TcwEssoxNiDEUJQjfPZ/RYA==}
    engines: {node: '>=6.0'}
    peerDependencies:
      supports-color: '*'
    peerDependenciesMeta:
      supports-color:
        optional: true

  emoji-regex@8.0.0:
    resolution: {integrity: sha512-MSjYzcWNOA0ewAHpz0MxpYFvwg6yjy1NG3xteoqz644VCo/RPgnr1/GGt+ic3iJTzQ8Eu3TdM14SawnVUmGE6A==}

  external-editor@3.1.0:
    resolution: {integrity: sha512-hMQ4CX1p1izmuLYyZqLMO/qGNw10wSv9QDCPfzXfyFrOaCSSoRfqE1Kf1s5an66J5JZC62NewG+mK49jOCtQew==}
    engines: {node: '>=4'}

  fast-content-type-parse@2.0.1:
    resolution: {integrity: sha512-nGqtvLrj5w0naR6tDPfB4cUmYCqouzyQiz6C5y/LtcDllJdrcc6WaWW6iXyIIOErTa/XRybj28aasdn4LkVk6Q==}

  follow-redirects@1.15.9:
    resolution: {integrity: sha512-gew4GsXizNgdoRyqmyfMHyAmXsZDk6mHkSxZFCzW9gwlbtOW44CDtYavM+y+72qD/Vq2l550kMF52DT8fOLJqQ==}
    engines: {node: '>=4.0'}
    peerDependencies:
      debug: '*'
    peerDependenciesMeta:
      debug:
        optional: true

  fs-minipass@2.1.0:
    resolution: {integrity: sha512-V/JgOLFCS+R6Vcq0slCuaeWEdNC3ouDlJMNIsacH2VtALiu9mV4LPrHc5cDl8k5aw6J8jwgWWpiTo5RYhmIzvg==}
    engines: {node: '>= 8'}

  fs.realpath@1.0.0:
    resolution: {integrity: sha512-OO0pH2lK6a0hZnAdau5ItzHPI6pUlvI7jMVnxUQRtw4owF2wk8lOSabtGDCTP4Ggrg2MbGnWO9X8K1t4+fGMDw==}

  glob@7.2.3:
    resolution: {integrity: sha512-nFR0zLpU2YCaRxwoCJvL6UvCH2JFyFVIvwTLsIf21AuHlMskA1hhTdk+LlYJtOlYt9v6dvszD2BGRqBL+iQK9Q==}
    deprecated: Glob versions prior to v9 are no longer supported

  iconv-lite@0.4.24:
    resolution: {integrity: sha512-v3MXnZAcvnywkTUEZomIActle7RXXeedOR31wwl7VlyoXO4Qi9arvSenNQWne1TcRwhCL1HwLI21bEqdpj8/rA==}
    engines: {node: '>=0.10.0'}

  inflight@1.0.6:
    resolution: {integrity: sha512-k92I/b08q4wvFscXCLvqfsHCrjrF7yiXsQuIVvVE7N82W3+aqpzuUdBbfhWcy/FZR3/4IgflMgKLOsvPDrGCJA==}
    deprecated: This module is not supported, and leaks memory. Do not use it. Check out lru-cache if you want a good and tested way to coalesce async requests by a key value, which is much more comprehensive and powerful.

  inherits@2.0.4:
    resolution: {integrity: sha512-k/vGaX4/Yla3WzyMCvTQOXYeIHvqOKtnqBduzTHpzpQZzAskKMhZ2K+EnBiSM9zGSoIFeMpXKxa4dYeZIQqewQ==}

  is-fullwidth-code-point@3.0.0:
    resolution: {integrity: sha512-zymm5+u+sCsSWyD9qNaejV3DFvhCKclKdizYaJUuHA83RLjb7nSuGnddCHGv0hk+KY7BMAlsWeK4Ueg6EV6XQg==}
    engines: {node: '>=8'}

  js-yaml@4.1.0:
    resolution: {integrity: sha512-wpxZs9NoxZaJESJGIZTyDEaYpl0FKSA+FB9aJiyemKhMwkxQg63h4T1KJgUGHpTqPDNRcmmYLugrRjJlBtWvRA==}
    hasBin: true

  lodash-es@4.17.21:
    resolution: {integrity: sha512-mKnC+QJ9pWVzv+C4/U3rRsHapFfHvQFoFB92e52xeyGMcX6/OlIl78je1u8vePzYZSkkogMPJ2yjxxsb89cxyw==}

  minimatch@3.1.2:
    resolution: {integrity: sha512-J7p63hRiAjw1NDEww1W7i37+ByIrOWO5XQQAzZ3VOcL0PNybwpfmV/N05zFAzwQ9USyEcX6t3UO+K5aqBQOIHw==}

  minipass@3.3.6:
    resolution: {integrity: sha512-DxiNidxSEK+tHG6zOIklvNOwm3hvCrbUrdtzY74U6HKTJxvIDfOUL5W5P2Ghd3DTkhhKPYGqeNUIh5qcM4YBfw==}
    engines: {node: '>=8'}

  minipass@5.0.0:
    resolution: {integrity: sha512-3FnjYuehv9k6ovOEbyOswadCDPX1piCfhV8ncmYtHOjuPwylVWsghTLo7rabjC3Rx5xD4HDx8Wm1xnMF7S5qFQ==}
    engines: {node: '>=8'}

  minizlib@2.1.2:
    resolution: {integrity: sha512-bAxsR8BVfj60DWXHE3u30oHzfl4G7khkSuPW+qvpd7jFRHm7dLxOjUk1EHACJ/hxLY8phGJ0YhYHZo7jil7Qdg==}
    engines: {node: '>= 8'}

  mkdirp@1.0.4:
    resolution: {integrity: sha512-vVqVZQyf3WLx2Shd0qJ9xuvqgAyKPLAiqITEtqW0oIUjzo3PePDd6fW9iFz30ef7Ysp/oiWqbhszeGWW2T6Gzw==}
    engines: {node: '>=10'}
    hasBin: true

  ms@2.1.3:
    resolution: {integrity: sha512-6FlzubTLZG3J2a/NVCAleEhjzq5oxgHyaCU9yYXvcLsvoVaHJq/s5xXI6/XXP6tz7R9xAOtHnSO/tXtF3WRTlA==}

  mute-stream@2.0.0:
    resolution: {integrity: sha512-WWdIxpyjEn+FhQJQQv9aQAYlHoNVdzIzUySNV1gHUPDSdZJ3yZn7pAAbQcV7B56Mvu881q9FZV+0Vx2xC44VWA==}
    engines: {node: ^18.17.0 || >=20.5.0}

  once@1.4.0:
    resolution: {integrity: sha512-lNaJgI+2Q5URQBkccEKHTQOPaXdUxnZZElQTZY0MFUAuaEqe1E+Nyvgdz/aIyNi6Z9MzO5dv1H8n58/GELp3+w==}

  os-tmpdir@1.0.2:
    resolution: {integrity: sha512-D2FR03Vir7FIu45XBY20mTb+/ZSWB00sjU9jdQXt83gDrI4Ztz5Fs7/yy74g2N5SVQY4xY1qDr4rNddwYRVX0g==}
    engines: {node: '>=0.10.0'}

  path-is-absolute@1.0.1:
    resolution: {integrity: sha512-AVbw3UJ2e9bq64vSaS9Am0fje1Pa8pbGqTTsmXfaIiMpnr5DlDhfJOuLj9Sf95ZPVDAUerDfEk88MPmPe7UCQg==}
    engines: {node: '>=0.10.0'}

  rimraf@3.0.2:
    resolution: {integrity: sha512-JZkJMZkAGFFPP2YqXZXPbMlMBgsxzE8ILs4lMIX/2o0L9UBw9O/Y3o6wFw/i9YLapcUJWwqbi3kdxIPdC62TIA==}
    deprecated: Rimraf versions prior to v4 are no longer supported
    hasBin: true

  safer-buffer@2.1.2:
    resolution: {integrity: sha512-YZo3K82SD7Riyi0E1EQPojLz7kpepnSQI9IyPbHHg1XXXevb5dJI7tpyN2ADxGcQbHG7vcyRHk0cbwqcQriUtg==}

  semver@7.7.1:
    resolution: {integrity: sha512-hlq8tAfn0m/61p4BVRcPzIGr6LKiMwo4VM6dGi6pt4qcRkmNzTcWq6eCEjEh+qXjkMDvPlOFFSGwQjoEa6gyMA==}
    engines: {node: '>=10'}
    hasBin: true

  signal-exit@4.1.0:
    resolution: {integrity: sha512-bzyZ1e88w9O1iNJbKnOlvYTrWPDl46O1bG0D3XInv+9tkPrxrN8jUUTiFlDkkmKWgn1M6CfIA13SuGqOa9Korw==}
    engines: {node: '>=14'}

  string-width@4.2.3:
    resolution: {integrity: sha512-wKyQRQpjJ0sIp62ErSZdGsjMJWsap5oRNihHhu6G7JVO/9jIB6UyevL+tXuOqrng8j/cxKTWyWUwvSTriiZz/g==}
    engines: {node: '>=8'}

  strip-ansi@6.0.1:
    resolution: {integrity: sha512-Y38VPSHcqkFrCpFnQ9vuSXmquuv5oXOKpGeT6aGrr3o3Gc9AlVa6JBfUSOCnbxGGZF+/0ooI7KrPuUSztUdU5A==}
    engines: {node: '>=8'}

  tar@6.2.1:
    resolution: {integrity: sha512-DZ4yORTwrbTj/7MZYq2w+/ZFdI6OZ/f9SFHR+71gIVUZhOQPHzVCLpvRnPgyaMpfWxxk/4ONva3GQSyNIKRv6A==}
    engines: {node: '>=10'}

  tmp@0.0.33:
    resolution: {integrity: sha512-jRCJlojKnZ3addtTOjdIqoRuPEKBvNXcGYqzO6zWZX8KfKEpnGY5jfggJQ3EjKuu8D4bJRr0y+cYJFmYbImXGw==}
    engines: {node: '>=0.6.0'}

  toml@3.0.0:
    resolution: {integrity: sha512-y/mWCZinnvxjTKYhJ+pYxwD0mRLVvOtdS2Awbgxln6iEnt4rk0yBxeSBHkGJcPucRiG0e55mwWp+g/05rsrd6w==}

  tslib@2.8.1:
    resolution: {integrity: sha512-oJFu94HQb+KVduSUQL7wnpmqnfmLsOA/nAh6b6EH0wCEoK0/mPeXU6c3wKDV83MkOuHPRHtSXKKU99IBazS/2w==}

  typanion@3.14.0:
    resolution: {integrity: sha512-ZW/lVMRabETuYCd9O9ZvMhAh8GslSqaUjxmK/JLPCh6l73CvLBiuXswj/+7LdnWOgYsQ130FqLzFz5aGT4I3Ug==}

  type-fest@0.21.3:
    resolution: {integrity: sha512-t0rzBq87m3fVcduHDUFhKmyyX+9eo6WQjZvf51Ea/M0Q7+T374Jp1aUiyUl0GKxp8M/OETVHSDvmkyPgvX+X2w==}
    engines: {node: '>=10'}

  universal-user-agent@7.0.2:
    resolution: {integrity: sha512-0JCqzSKnStlRRQfCdowvqy3cy0Dvtlb8xecj/H8JFZuCze4rwjPZQOgvFvn0Ws/usCHQFGpyr+pB9adaGwXn4Q==}

  wasm-pack@0.13.1:
    resolution: {integrity: sha512-P9exD4YkjpDbw68xUhF3MDm/CC/3eTmmthyG5bHJ56kalxOTewOunxTke4SyF8MTXV6jUtNjXggPgrGmMtczGg==}
    hasBin: true

  wasm-sjlj@1.0.6:
    resolution: {integrity: sha512-pjaKtLJejlWm6+okPV2X1A6nIsRDD4qeK97eCh8DP8KXi3Nzn/HY01vpHhZHlhDri12eZqipjm8HhdTVw+ATxw==}

  wrap-ansi@6.2.0:
    resolution: {integrity: sha512-r6lPcBGxZXlIcymEu7InxDMhdW0KDxpLgoFLcguasxCaJ/SOIZwINatK9KY/tf+ZrlywOKU0UDj3ATXUBfxJXA==}
    engines: {node: '>=8'}

  wrappy@1.0.2:
    resolution: {integrity: sha512-l4Sp/DRseor9wL6EvV2+TuQn63dMkPjZ/sp9XkghTEbV9KlPS1xUsZ3u7/IQO4wxtcFB4bgpQPRcR3QCvezPcQ==}

  yallist@4.0.0:
    resolution: {integrity: sha512-3wdGidZyq5PB084XLES5TpOSRA3wjXAlIWMhum2kRcv/41Sn2emQ0dycQW4uZXLejwKvg6EsvbdlVL+FYEct7A==}

  yoctocolors-cjs@2.1.2:
    resolution: {integrity: sha512-cYVsTjKl8b+FrnidjibDWskAv7UKOfcwaVZdp/it9n1s9fU3IkgDbhdIRKCW4JDsAlECJY0ytoVPT3sK6kideA==}
    engines: {node: '>=18'}

snapshots:

  '@biomejs/biome@1.9.4':
    optionalDependencies:
      '@biomejs/cli-darwin-arm64': 1.9.4
      '@biomejs/cli-darwin-x64': 1.9.4
      '@biomejs/cli-linux-arm64': 1.9.4
      '@biomejs/cli-linux-arm64-musl': 1.9.4
      '@biomejs/cli-linux-x64': 1.9.4
      '@biomejs/cli-linux-x64-musl': 1.9.4
      '@biomejs/cli-win32-arm64': 1.9.4
      '@biomejs/cli-win32-x64': 1.9.4

  '@biomejs/cli-darwin-arm64@1.9.4':
    optional: true

  '@biomejs/cli-darwin-x64@1.9.4':
    optional: true

  '@biomejs/cli-linux-arm64-musl@1.9.4':
    optional: true

  '@biomejs/cli-linux-arm64@1.9.4':
    optional: true

  '@biomejs/cli-linux-x64-musl@1.9.4':
    optional: true

  '@biomejs/cli-linux-x64@1.9.4':
    optional: true

  '@biomejs/cli-win32-arm64@1.9.4':
    optional: true

  '@biomejs/cli-win32-x64@1.9.4':
    optional: true

  '@emnapi/core@1.3.1':
    dependencies:
      '@emnapi/wasi-threads': 1.0.1
      tslib: 2.8.1
    optional: true

  '@emnapi/runtime@1.3.1':
    dependencies:
      tslib: 2.8.1
    optional: true

  '@emnapi/wasi-threads@1.0.1':
    dependencies:
      tslib: 2.8.1
    optional: true

  '@inquirer/checkbox@4.1.2':
    dependencies:
      '@inquirer/core': 10.1.7
      '@inquirer/figures': 1.0.10
      '@inquirer/type': 3.0.4
      ansi-escapes: 4.3.2
      yoctocolors-cjs: 2.1.2

  '@inquirer/confirm@5.1.6':
    dependencies:
      '@inquirer/core': 10.1.7
      '@inquirer/type': 3.0.4

  '@inquirer/core@10.1.7':
    dependencies:
      '@inquirer/figures': 1.0.10
      '@inquirer/type': 3.0.4
      ansi-escapes: 4.3.2
      cli-width: 4.1.0
      mute-stream: 2.0.0
      signal-exit: 4.1.0
      wrap-ansi: 6.2.0
      yoctocolors-cjs: 2.1.2

  '@inquirer/editor@4.2.7':
    dependencies:
      '@inquirer/core': 10.1.7
      '@inquirer/type': 3.0.4
      external-editor: 3.1.0

  '@inquirer/expand@4.0.9':
    dependencies:
      '@inquirer/core': 10.1.7
      '@inquirer/type': 3.0.4
      yoctocolors-cjs: 2.1.2

  '@inquirer/figures@1.0.10': {}

  '@inquirer/input@4.1.6':
    dependencies:
      '@inquirer/core': 10.1.7
      '@inquirer/type': 3.0.4

  '@inquirer/number@3.0.9':
    dependencies:
      '@inquirer/core': 10.1.7
      '@inquirer/type': 3.0.4

  '@inquirer/password@4.0.9':
    dependencies:
      '@inquirer/core': 10.1.7
      '@inquirer/type': 3.0.4
      ansi-escapes: 4.3.2

  '@inquirer/prompts@7.3.2':
    dependencies:
      '@inquirer/checkbox': 4.1.2
      '@inquirer/confirm': 5.1.6
      '@inquirer/editor': 4.2.7
      '@inquirer/expand': 4.0.9
      '@inquirer/input': 4.1.6
      '@inquirer/number': 3.0.9
      '@inquirer/password': 4.0.9
      '@inquirer/rawlist': 4.0.9
      '@inquirer/search': 3.0.9
      '@inquirer/select': 4.0.9

  '@inquirer/rawlist@4.0.9':
    dependencies:
      '@inquirer/core': 10.1.7
      '@inquirer/type': 3.0.4
      yoctocolors-cjs: 2.1.2

  '@inquirer/search@3.0.9':
    dependencies:
      '@inquirer/core': 10.1.7
      '@inquirer/figures': 1.0.10
      '@inquirer/type': 3.0.4
      yoctocolors-cjs: 2.1.2

  '@inquirer/select@4.0.9':
    dependencies:
      '@inquirer/core': 10.1.7
      '@inquirer/figures': 1.0.10
      '@inquirer/type': 3.0.4
      ansi-escapes: 4.3.2
      yoctocolors-cjs: 2.1.2

  '@inquirer/type@3.0.4': {}

  '@napi-rs/cli@3.0.0-alpha.73(@emnapi/runtime@1.3.1)':
    dependencies:
      '@inquirer/prompts': 7.3.2
      '@napi-rs/cross-toolchain': 0.0.19
      '@napi-rs/wasm-tools': 0.0.2
      '@octokit/rest': 21.1.1
      clipanion: 3.2.1(typanion@3.14.0)
      colorette: 2.0.20
      debug: 4.4.0
      js-yaml: 4.1.0
      lodash-es: 4.17.21
      semver: 7.7.1
      toml: 3.0.0
      typanion: 3.14.0
      wasm-sjlj: 1.0.6
    optionalDependencies:
      '@emnapi/runtime': 1.3.1
    transitivePeerDependencies:
      - '@napi-rs/cross-toolchain-arm64-target-aarch64'
      - '@napi-rs/cross-toolchain-arm64-target-armv7'
      - '@napi-rs/cross-toolchain-arm64-target-x86_64'
      - '@napi-rs/cross-toolchain-x64-target-aarch64'
      - '@napi-rs/cross-toolchain-x64-target-armv7'
      - '@napi-rs/cross-toolchain-x64-target-x86_64'
      - '@types/node'
      - supports-color

  '@napi-rs/cross-toolchain@0.0.19':
    dependencies:
      '@napi-rs/lzma': 1.4.1
      '@napi-rs/tar': 0.1.4
      debug: 4.4.0
    transitivePeerDependencies:
      - supports-color

  '@napi-rs/lzma-android-arm-eabi@1.4.1':
    optional: true

  '@napi-rs/lzma-android-arm64@1.4.1':
    optional: true

  '@napi-rs/lzma-darwin-arm64@1.4.1':
    optional: true

  '@napi-rs/lzma-darwin-x64@1.4.1':
    optional: true

  '@napi-rs/lzma-freebsd-x64@1.4.1':
    optional: true

  '@napi-rs/lzma-linux-arm-gnueabihf@1.4.1':
    optional: true

  '@napi-rs/lzma-linux-arm64-gnu@1.4.1':
    optional: true

  '@napi-rs/lzma-linux-arm64-musl@1.4.1':
    optional: true

  '@napi-rs/lzma-linux-ppc64-gnu@1.4.1':
    optional: true

  '@napi-rs/lzma-linux-riscv64-gnu@1.4.1':
    optional: true

  '@napi-rs/lzma-linux-s390x-gnu@1.4.1':
    optional: true

  '@napi-rs/lzma-linux-x64-gnu@1.4.1':
    optional: true

  '@napi-rs/lzma-linux-x64-musl@1.4.1':
    optional: true

  '@napi-rs/lzma-wasm32-wasi@1.4.1':
    dependencies:
      '@napi-rs/wasm-runtime': 0.2.7
    optional: true

  '@napi-rs/lzma-win32-arm64-msvc@1.4.1':
    optional: true

  '@napi-rs/lzma-win32-ia32-msvc@1.4.1':
    optional: true

  '@napi-rs/lzma-win32-x64-msvc@1.4.1':
    optional: true

  '@napi-rs/lzma@1.4.1':
    optionalDependencies:
      '@napi-rs/lzma-android-arm-eabi': 1.4.1
      '@napi-rs/lzma-android-arm64': 1.4.1
      '@napi-rs/lzma-darwin-arm64': 1.4.1
      '@napi-rs/lzma-darwin-x64': 1.4.1
      '@napi-rs/lzma-freebsd-x64': 1.4.1
      '@napi-rs/lzma-linux-arm-gnueabihf': 1.4.1
      '@napi-rs/lzma-linux-arm64-gnu': 1.4.1
      '@napi-rs/lzma-linux-arm64-musl': 1.4.1
      '@napi-rs/lzma-linux-ppc64-gnu': 1.4.1
      '@napi-rs/lzma-linux-riscv64-gnu': 1.4.1
      '@napi-rs/lzma-linux-s390x-gnu': 1.4.1
      '@napi-rs/lzma-linux-x64-gnu': 1.4.1
      '@napi-rs/lzma-linux-x64-musl': 1.4.1
      '@napi-rs/lzma-wasm32-wasi': 1.4.1
      '@napi-rs/lzma-win32-arm64-msvc': 1.4.1
      '@napi-rs/lzma-win32-ia32-msvc': 1.4.1
      '@napi-rs/lzma-win32-x64-msvc': 1.4.1

  '@napi-rs/tar-android-arm-eabi@0.1.4':
    optional: true

  '@napi-rs/tar-android-arm64@0.1.4':
    optional: true

  '@napi-rs/tar-darwin-arm64@0.1.4':
    optional: true

  '@napi-rs/tar-darwin-x64@0.1.4':
    optional: true

  '@napi-rs/tar-freebsd-x64@0.1.4':
    optional: true

  '@napi-rs/tar-linux-arm-gnueabihf@0.1.4':
    optional: true

  '@napi-rs/tar-linux-arm64-gnu@0.1.4':
    optional: true

  '@napi-rs/tar-linux-arm64-musl@0.1.4':
    optional: true

  '@napi-rs/tar-linux-ppc64-gnu@0.1.4':
    optional: true

  '@napi-rs/tar-linux-s390x-gnu@0.1.4':
    optional: true

  '@napi-rs/tar-linux-x64-gnu@0.1.4':
    optional: true

  '@napi-rs/tar-linux-x64-musl@0.1.4':
    optional: true

  '@napi-rs/tar-wasm32-wasi@0.1.4':
    dependencies:
      '@napi-rs/wasm-runtime': 0.2.7
    optional: true

  '@napi-rs/tar-win32-arm64-msvc@0.1.4':
    optional: true

  '@napi-rs/tar-win32-ia32-msvc@0.1.4':
    optional: true

  '@napi-rs/tar-win32-x64-msvc@0.1.4':
    optional: true

  '@napi-rs/tar@0.1.4':
    optionalDependencies:
      '@napi-rs/tar-android-arm-eabi': 0.1.4
      '@napi-rs/tar-android-arm64': 0.1.4
      '@napi-rs/tar-darwin-arm64': 0.1.4
      '@napi-rs/tar-darwin-x64': 0.1.4
      '@napi-rs/tar-freebsd-x64': 0.1.4
      '@napi-rs/tar-linux-arm-gnueabihf': 0.1.4
      '@napi-rs/tar-linux-arm64-gnu': 0.1.4
      '@napi-rs/tar-linux-arm64-musl': 0.1.4
      '@napi-rs/tar-linux-ppc64-gnu': 0.1.4
      '@napi-rs/tar-linux-s390x-gnu': 0.1.4
      '@napi-rs/tar-linux-x64-gnu': 0.1.4
      '@napi-rs/tar-linux-x64-musl': 0.1.4
      '@napi-rs/tar-wasm32-wasi': 0.1.4
      '@napi-rs/tar-win32-arm64-msvc': 0.1.4
      '@napi-rs/tar-win32-ia32-msvc': 0.1.4
      '@napi-rs/tar-win32-x64-msvc': 0.1.4

  '@napi-rs/wasm-runtime@0.2.7':
    dependencies:
      '@emnapi/core': 1.3.1
      '@emnapi/runtime': 1.3.1
      '@tybys/wasm-util': 0.9.0
    optional: true

  '@napi-rs/wasm-tools-android-arm-eabi@0.0.2':
    optional: true

  '@napi-rs/wasm-tools-android-arm64@0.0.2':
    optional: true

  '@napi-rs/wasm-tools-darwin-arm64@0.0.2':
    optional: true

  '@napi-rs/wasm-tools-darwin-x64@0.0.2':
    optional: true

  '@napi-rs/wasm-tools-freebsd-x64@0.0.2':
    optional: true

  '@napi-rs/wasm-tools-linux-arm64-gnu@0.0.2':
    optional: true

  '@napi-rs/wasm-tools-linux-arm64-musl@0.0.2':
    optional: true

  '@napi-rs/wasm-tools-linux-x64-gnu@0.0.2':
    optional: true

  '@napi-rs/wasm-tools-linux-x64-musl@0.0.2':
    optional: true

  '@napi-rs/wasm-tools-wasm32-wasi@0.0.2':
    dependencies:
      '@napi-rs/wasm-runtime': 0.2.7
    optional: true

  '@napi-rs/wasm-tools-win32-arm64-msvc@0.0.2':
    optional: true

  '@napi-rs/wasm-tools-win32-ia32-msvc@0.0.2':
    optional: true

  '@napi-rs/wasm-tools-win32-x64-msvc@0.0.2':
    optional: true

  '@napi-rs/wasm-tools@0.0.2':
    optionalDependencies:
      '@napi-rs/wasm-tools-android-arm-eabi': 0.0.2
      '@napi-rs/wasm-tools-android-arm64': 0.0.2
      '@napi-rs/wasm-tools-darwin-arm64': 0.0.2
      '@napi-rs/wasm-tools-darwin-x64': 0.0.2
      '@napi-rs/wasm-tools-freebsd-x64': 0.0.2
      '@napi-rs/wasm-tools-linux-arm64-gnu': 0.0.2
      '@napi-rs/wasm-tools-linux-arm64-musl': 0.0.2
      '@napi-rs/wasm-tools-linux-x64-gnu': 0.0.2
      '@napi-rs/wasm-tools-linux-x64-musl': 0.0.2
      '@napi-rs/wasm-tools-wasm32-wasi': 0.0.2
      '@napi-rs/wasm-tools-win32-arm64-msvc': 0.0.2
      '@napi-rs/wasm-tools-win32-ia32-msvc': 0.0.2
      '@napi-rs/wasm-tools-win32-x64-msvc': 0.0.2

  '@octokit/auth-token@5.1.2': {}

  '@octokit/core@6.1.4':
    dependencies:
      '@octokit/auth-token': 5.1.2
      '@octokit/graphql': 8.2.1
      '@octokit/request': 9.2.2
      '@octokit/request-error': 6.1.7
      '@octokit/types': 13.8.0
      before-after-hook: 3.0.2
      universal-user-agent: 7.0.2

  '@octokit/endpoint@10.1.3':
    dependencies:
      '@octokit/types': 13.8.0
      universal-user-agent: 7.0.2

  '@octokit/graphql@8.2.1':
    dependencies:
      '@octokit/request': 9.2.2
      '@octokit/types': 13.8.0
      universal-user-agent: 7.0.2

  '@octokit/openapi-types@23.0.1': {}

  '@octokit/plugin-paginate-rest@11.4.3(@octokit/core@6.1.4)':
    dependencies:
      '@octokit/core': 6.1.4
      '@octokit/types': 13.8.0

  '@octokit/plugin-request-log@5.3.1(@octokit/core@6.1.4)':
    dependencies:
      '@octokit/core': 6.1.4

  '@octokit/plugin-rest-endpoint-methods@13.3.1(@octokit/core@6.1.4)':
    dependencies:
      '@octokit/core': 6.1.4
      '@octokit/types': 13.8.0

  '@octokit/request-error@6.1.7':
    dependencies:
      '@octokit/types': 13.8.0

  '@octokit/request@9.2.2':
    dependencies:
      '@octokit/endpoint': 10.1.3
      '@octokit/request-error': 6.1.7
      '@octokit/types': 13.8.0
      fast-content-type-parse: 2.0.1
      universal-user-agent: 7.0.2

  '@octokit/rest@21.1.1':
    dependencies:
      '@octokit/core': 6.1.4
      '@octokit/plugin-paginate-rest': 11.4.3(@octokit/core@6.1.4)
      '@octokit/plugin-request-log': 5.3.1(@octokit/core@6.1.4)
      '@octokit/plugin-rest-endpoint-methods': 13.3.1(@octokit/core@6.1.4)

  '@octokit/types@13.8.0':
    dependencies:
      '@octokit/openapi-types': 23.0.1

  '@tybys/wasm-util@0.9.0':
    dependencies:
      tslib: 2.8.1
    optional: true

  ansi-escapes@4.3.2:
    dependencies:
      type-fest: 0.21.3

  ansi-regex@5.0.1: {}

  ansi-styles@4.3.0:
    dependencies:
      color-convert: 2.0.1

  argparse@2.0.1: {}

  axios@0.26.1:
    dependencies:
      follow-redirects: 1.15.9
    transitivePeerDependencies:
      - debug

  balanced-match@1.0.2: {}

  before-after-hook@3.0.2: {}

  binary-install@1.1.0:
    dependencies:
      axios: 0.26.1
      rimraf: 3.0.2
      tar: 6.2.1
    transitivePeerDependencies:
      - debug

  brace-expansion@1.1.11:
    dependencies:
      balanced-match: 1.0.2
      concat-map: 0.0.1

  chardet@0.7.0: {}

  chownr@2.0.0: {}

  cli-width@4.1.0: {}

  clipanion@3.2.1(typanion@3.14.0):
    dependencies:
      typanion: 3.14.0

  color-convert@2.0.1:
    dependencies:
      color-name: 1.1.4

  color-name@1.1.4: {}

  colorette@2.0.20: {}

  concat-map@0.0.1: {}

  debug@4.4.0:
    dependencies:
      ms: 2.1.3

  emoji-regex@8.0.0: {}

  external-editor@3.1.0:
    dependencies:
      chardet: 0.7.0
      iconv-lite: 0.4.24
      tmp: 0.0.33

  fast-content-type-parse@2.0.1: {}

  follow-redirects@1.15.9: {}

  fs-minipass@2.1.0:
    dependencies:
      minipass: 3.3.6

  fs.realpath@1.0.0: {}

  glob@7.2.3:
    dependencies:
      fs.realpath: 1.0.0
      inflight: 1.0.6
      inherits: 2.0.4
      minimatch: 3.1.2
      once: 1.4.0
      path-is-absolute: 1.0.1

  iconv-lite@0.4.24:
    dependencies:
      safer-buffer: 2.1.2

  inflight@1.0.6:
    dependencies:
      once: 1.4.0
      wrappy: 1.0.2

  inherits@2.0.4: {}

  is-fullwidth-code-point@3.0.0: {}

  js-yaml@4.1.0:
    dependencies:
      argparse: 2.0.1

  lodash-es@4.17.21: {}

  minimatch@3.1.2:
    dependencies:
      brace-expansion: 1.1.11

  minipass@3.3.6:
    dependencies:
      yallist: 4.0.0

  minipass@5.0.0: {}

  minizlib@2.1.2:
    dependencies:
      minipass: 3.3.6
      yallist: 4.0.0

  mkdirp@1.0.4: {}

  ms@2.1.3: {}

  mute-stream@2.0.0: {}

  once@1.4.0:
    dependencies:
      wrappy: 1.0.2

  os-tmpdir@1.0.2: {}

  path-is-absolute@1.0.1: {}

  rimraf@3.0.2:
    dependencies:
      glob: 7.2.3

  safer-buffer@2.1.2: {}

  semver@7.7.1: {}

  signal-exit@4.1.0: {}

  string-width@4.2.3:
    dependencies:
      emoji-regex: 8.0.0
      is-fullwidth-code-point: 3.0.0
      strip-ansi: 6.0.1

  strip-ansi@6.0.1:
    dependencies:
      ansi-regex: 5.0.1

  tar@6.2.1:
    dependencies:
      chownr: 2.0.0
      fs-minipass: 2.1.0
      minipass: 5.0.0
      minizlib: 2.1.2
      mkdirp: 1.0.4
      yallist: 4.0.0

  tmp@0.0.33:
    dependencies:
      os-tmpdir: 1.0.2

  toml@3.0.0: {}

  tslib@2.8.1:
    optional: true

  typanion@3.14.0: {}

  type-fest@0.21.3: {}

  universal-user-agent@7.0.2: {}

  wasm-pack@0.13.1:
    dependencies:
      binary-install: 1.1.0
    transitivePeerDependencies:
      - debug

  wasm-sjlj@1.0.6: {}

  wrap-ansi@6.2.0:
    dependencies:
      ansi-styles: 4.3.0
      string-width: 4.2.3
      strip-ansi: 6.0.1

  wrappy@1.0.2: {}

  yallist@4.0.0: {}

  yoctocolors-cjs@2.1.2: {}
